
Microsoft Visual Studio Solution File, Format Version 12.00
# Visual Studio Version 16
VisualStudioVersion = 16.0.33328.57
MinimumVisualStudioVersion = 10.0.40219.1
Project("{9A19103F-16F7-4668-BE54-9A1E7A4F7556}") = "PPTRANControlesWebApp", "PPTRANControlesWebApp\PPTRANControlesWebApp.csproj", "{8F1DEF69-528F-4D4B-BE75-F7291CDB5E9C}"
EndProject
Project("{9A19103F-16F7-4668-BE54-9A1E7A4F7556}") = "Models", "Models\Models.csproj", "{9BA9F284-23EC-4872-AD8B-6884F5081788}"
EndProject
Project("{2150E333-8FDC-42A3-9474-1A3956D46DE8}") = "Solution Items", "Solution Items", "{47B86910-657F-4CB3-BB95-0D6E757F02F2}"
	ProjectSection(SolutionItems) = preProject
		global.json = global.json
	EndProjectSection
EndProject
Global
	GlobalSection(SolutionConfigurationPlatforms) = preSolution
		Debug|Any CPU = Debug|Any CPU
		Release|Any CPU = Release|Any CPU
	EndGlobalSection
	GlobalSection(ProjectConfigurationPlatforms) = postSolution
		{8F1DEF69-528F-4D4B-BE75-F7291CDB5E9C}.Debug|Any CPU.ActiveCfg = Debug|Any CPU
		{8F1DEF69-528F-4D4B-BE75-F7291CDB5E9C}.Debug|Any CPU.Build.0 = Debug|Any CPU
		{8F1DEF69-528F-4D4B-BE75-F7291CDB5E9C}.Release|Any CPU.ActiveCfg = Release|Any CPU
		{8F1DEF69-528F-4D4B-BE75-F7291CDB5E9C}.Release|Any CPU.Build.0 = Release|Any CPU
		{9BA9F284-23EC-4872-AD8B-6884F5081788}.Debug|Any CPU.ActiveCfg = Debug|Any CPU
		{9BA9F284-23EC-4872-AD8B-6884F5081788}.Debug|Any CPU.Build.0 = Debug|Any CPU
		{9BA9F284-23EC-4872-AD8B-6884F5081788}.Release|Any CPU.ActiveCfg = Release|Any CPU
		{9BA9F284-23EC-4872-AD8B-6884F5081788}.Release|Any CPU.Build.0 = Release|Any CPU
	EndGlobalSection
	GlobalSection(SolutionProperties) = preSolution
		HideSolutionNode = FALSE
	EndGlobalSection
	GlobalSection(ExtensibilityGlobals) = postSolution
		SolutionGuid = {A54233B9-E64B-4544-8708-9681E2CFF679}
	EndGlobalSection
EndGlobal
